
Microsoft Visual Studio Solution File, Format Version 12.00
# Visual Studio 15
VisualStudioVersion = 15.0.27703.2042
MinimumVisualStudioVersion = 10.0.40219.1
Project("{9A19103F-16F7-4668-BE54-9A1E7A4F7556}") = "QLC", "QLC\QLC.csproj", "{90B8EF70-66EC-4606-8C12-0AD1D523FD65}"
EndProject
Project("{2150E333-8FDC-42A3-9474-1A3956D46DE8}") = "Dlls", "Dlls", "{E655726C-F452-4B18-AD3E-57C54580747B}"
EndProject
Project("{9A19103F-16F7-4668-BE54-9A1E7A4F7556}") = "User.Models", "Dlls\User.Models\User.Models.csproj", "{88750595-C4DB-468B-A18E-85BCA210F0B0}"
EndProject
Project("{FAE04EC0-301F-11D3-BF4B-00C04F79EFBC}") = "Request.Models", "Dlls\Request.Models\Request.Models.csproj", "{16DAA786-EF80-4EBD-9083-0D4DEE3C8F55}"
EndProject
Global
	GlobalSection(SolutionConfigurationPlatforms) = preSolution
		Debug|Any CPU = Debug|Any CPU
		Release|Any CPU = Release|Any CPU
	EndGlobalSection
	GlobalSection(ProjectConfigurationPlatforms) = postSolution
		{90B8EF70-66EC-4606-8C12-0AD1D523FD65}.Debug|Any CPU.ActiveCfg = Debug|Any CPU
		{90B8EF70-66EC-4606-8C12-0AD1D523FD65}.Debug|Any CPU.Build.0 = Debug|Any CPU
		{90B8EF70-66EC-4606-8C12-0AD1D523FD65}.Release|Any CPU.ActiveCfg = Release|Any CPU
		{90B8EF70-66EC-4606-8C12-0AD1D523FD65}.Release|Any CPU.Build.0 = Release|Any CPU
		{88750595-C4DB-468B-A18E-85BCA210F0B0}.Debug|Any CPU.ActiveCfg = Debug|Any CPU
		{88750595-C4DB-468B-A18E-85BCA210F0B0}.Debug|Any CPU.Build.0 = Debug|Any CPU
		{88750595-C4DB-468B-A18E-85BCA210F0B0}.Release|Any CPU.ActiveCfg = Release|Any CPU
		{88750595-C4DB-468B-A18E-85BCA210F0B0}.Release|Any CPU.Build.0 = Release|Any CPU
		{16DAA786-EF80-4EBD-9083-0D4DEE3C8F55}.Debug|Any CPU.ActiveCfg = Debug|Any CPU
		{16DAA786-EF80-4EBD-9083-0D4DEE3C8F55}.Debug|Any CPU.Build.0 = Debug|Any CPU
		{16DAA786-EF80-4EBD-9083-0D4DEE3C8F55}.Release|Any CPU.ActiveCfg = Release|Any CPU
		{16DAA786-EF80-4EBD-9083-0D4DEE3C8F55}.Release|Any CPU.Build.0 = Release|Any CPU
	EndGlobalSection
	GlobalSection(SolutionProperties) = preSolution
		HideSolutionNode = FALSE
	EndGlobalSection
	GlobalSection(NestedProjects) = preSolution
		{88750595-C4DB-468B-A18E-85BCA210F0B0} = {E655726C-F452-4B18-AD3E-57C54580747B}
		{16DAA786-EF80-4EBD-9083-0D4DEE3C8F55} = {E655726C-F452-4B18-AD3E-57C54580747B}
	EndGlobalSection
	GlobalSection(ExtensibilityGlobals) = postSolution
		SolutionGuid = {FC15440C-2378-4DBA-9DAC-F279A6890253}
	EndGlobalSection
EndGlobal
